
Microsoft Visual Studio Solution File, Format Version 12.00
# Visual Studio Version 17
VisualStudioVersion = 17.12.35707.178
MinimumVisualStudioVersion = 10.0.40219.1
Project("{FAE04EC0-301F-11D3-BF4B-00C04F79EFBC}") = "Toolsmith", "Toolsmith\Toolsmith.csproj", "{A21240A2-684E-4BBC-BB16-FA07E2CF7683}"
EndProject
Project("{FAE04EC0-301F-11D3-BF4B-00C04F79EFBC}") = "CakeBuild", "ZZCakeBuild\CakeBuild.csproj", "{B31C94F4-C239-43DA-A353-BBABDBC43F1E}"
EndProject
Project("{FAE04EC0-301F-11D3-BF4B-00C04F79EFBC}") = "Toolsmith.Tests", "Toolsmith.Tests\Toolsmith.Tests.csproj", "{3D7D775B-AA74-481F-8C21-9A71AADCF1EE}"
EndProject
Global
	GlobalSection(SolutionConfigurationPlatforms) = preSolution
		Debug|Any CPU = Debug|Any CPU
		Debug|x64 = Debug|x64
		Debug|x86 = Debug|x86
		Release|Any CPU = Release|Any CPU
		Release|x64 = Release|x64
		Release|x86 = Release|x86
	EndGlobalSection
	GlobalSection(ProjectConfigurationPlatforms) = postSolution
		{A21240A2-684E-4BBC-BB16-FA07E2CF7683}.Debug|Any CPU.ActiveCfg = Debug|Any CPU
		{A21240A2-684E-4BBC-BB16-FA07E2CF7683}.Debug|Any CPU.Build.0 = Debug|Any CPU
		{A21240A2-684E-4BBC-BB16-FA07E2CF7683}.Debug|x64.ActiveCfg = Debug|Any CPU
		{A21240A2-684E-4BBC-BB16-FA07E2CF7683}.Debug|x64.Build.0 = Debug|Any CPU
		{A21240A2-684E-4BBC-BB16-FA07E2CF7683}.Debug|x86.ActiveCfg = Debug|Any CPU
		{A21240A2-684E-4BBC-BB16-FA07E2CF7683}.Debug|x86.Build.0 = Debug|Any CPU
		{A21240A2-684E-4BBC-BB16-FA07E2CF7683}.Release|Any CPU.ActiveCfg = Release|Any CPU
		{A21240A2-684E-4BBC-BB16-FA07E2CF7683}.Release|Any CPU.Build.0 = Release|Any CPU
		{A21240A2-684E-4BBC-BB16-FA07E2CF7683}.Release|x64.ActiveCfg = Release|Any CPU
		{A21240A2-684E-4BBC-BB16-FA07E2CF7683}.Release|x64.Build.0 = Release|Any CPU
		{A21240A2-684E-4BBC-BB16-FA07E2CF7683}.Release|x86.ActiveCfg = Release|Any CPU
		{A21240A2-684E-4BBC-BB16-FA07E2CF7683}.Release|x86.Build.0 = Release|Any CPU
		{B31C94F4-C239-43DA-A353-BBABDBC43F1E}.Debug|Any CPU.ActiveCfg = Debug|Any CPU
		{B31C94F4-C239-43DA-A353-BBABDBC43F1E}.Debug|Any CPU.Build.0 = Debug|Any CPU
		{B31C94F4-C239-43DA-A353-BBABDBC43F1E}.Debug|x64.ActiveCfg = Debug|Any CPU
		{B31C94F4-C239-43DA-A353-BBABDBC43F1E}.Debug|x64.Build.0 = Debug|Any CPU
		{B31C94F4-C239-43DA-A353-BBABDBC43F1E}.Debug|x86.ActiveCfg = Debug|Any CPU
		{B31C94F4-C239-43DA-A353-BBABDBC43F1E}.Debug|x86.Build.0 = Debug|Any CPU
		{B31C94F4-C239-43DA-A353-BBABDBC43F1E}.Release|Any CPU.ActiveCfg = Release|Any CPU
		{B31C94F4-C239-43DA-A353-BBABDBC43F1E}.Release|Any CPU.Build.0 = Release|Any CPU
		{B31C94F4-C239-43DA-A353-BBABDBC43F1E}.Release|x64.ActiveCfg = Release|Any CPU
		{B31C94F4-C239-43DA-A353-BBABDBC43F1E}.Release|x64.Build.0 = Release|Any CPU
		{B31C94F4-C239-43DA-A353-BBABDBC43F1E}.Release|x86.ActiveCfg = Release|Any CPU
		{B31C94F4-C239-43DA-A353-BBABDBC43F1E}.Release|x86.Build.0 = Release|Any CPU
		{3D7D775B-AA74-481F-8C21-9A71AADCF1EE}.Debug|Any CPU.ActiveCfg = Debug|Any CPU
		{3D7D775B-AA74-481F-8C21-9A71AADCF1EE}.Debug|Any CPU.Build.0 = Debug|Any CPU
		{3D7D775B-AA74-481F-8C21-9A71AADCF1EE}.Debug|x64.ActiveCfg = Debug|Any CPU
		{3D7D775B-AA74-481F-8C21-9A71AADCF1EE}.Debug|x64.Build.0 = Debug|Any CPU
		{3D7D775B-AA74-481F-8C21-9A71AADCF1EE}.Debug|x86.ActiveCfg = Debug|Any CPU
		{3D7D775B-AA74-481F-8C21-9A71AADCF1EE}.Debug|x86.Build.0 = Debug|Any CPU
		{3D7D775B-AA74-481F-8C21-9A71AADCF1EE}.Release|Any CPU.ActiveCfg = Release|Any CPU
		{3D7D775B-AA74-481F-8C21-9A71AADCF1EE}.Release|Any CPU.Build.0 = Release|Any CPU
		{3D7D775B-AA74-481F-8C21-9A71AADCF1EE}.Release|x64.ActiveCfg = Release|Any CPU
		{3D7D775B-AA74-481F-8C21-9A71AADCF1EE}.Release|x64.Build.0 = Release|Any CPU
		{3D7D775B-AA74-481F-8C21-9A71AADCF1EE}.Release|x86.ActiveCfg = Release|Any CPU
		{3D7D775B-AA74-481F-8C21-9A71AADCF1EE}.Release|x86.Build.0 = Release|Any CPU
	EndGlobalSection
	GlobalSection(SolutionProperties) = preSolution
		HideSolutionNode = FALSE
	EndGlobalSection
EndGlobal
